
Microsoft Visual Studio Solution File, Format Version 12.00
# Visual Studio Version 16
VisualStudioVersion = 16.0.31702.278
MinimumVisualStudioVersion = 10.0.40219.1
Project("{FAE04EC0-301F-11D3-BF4B-00C04F79EFBC}") = "konsolapplikation", "konsolapplikation.csproj", "{B7AD72C1-0A5E-4A51-818A-9702621F6B22}"
EndProject
Global
	GlobalSection(SolutionConfigurationPlatforms) = preSolution
		Debug|Any CPU = Debug|Any CPU
		Release|Any CPU = Release|Any CPU
	EndGlobalSection
	GlobalSection(ProjectConfigurationPlatforms) = postSolution
		{B7AD72C1-0A5E-4A51-818A-9702621F6B22}.Debug|Any CPU.ActiveCfg = Debug|Any CPU
		{B7AD72C1-0A5E-4A51-818A-9702621F6B22}.Debug|Any CPU.Build.0 = Debug|Any CPU
		{B7AD72C1-0A5E-4A51-818A-9702621F6B22}.Release|Any CPU.ActiveCfg = Release|Any CPU
		{B7AD72C1-0A5E-4A51-818A-9702621F6B22}.Release|Any CPU.Build.0 = Release|Any CPU
	EndGlobalSection
	GlobalSection(SolutionProperties) = preSolution
		HideSolutionNode = FALSE
	EndGlobalSection
	GlobalSection(ExtensibilityGlobals) = postSolution
		SolutionGuid = {DFCAC849-E8E4-4A84-8943-02CA74773A47}
	EndGlobalSection
EndGlobal
